# Generated by pub — minimal fixture for unit tests
packages:
  yaml:
    dependency: direct main
    description:
      name: yaml
      sha256: "75769501ea3489ed0409f26e4c7e6aec45b8d35e8e581bce0c0e0f5e8fe8d93b"
      url: "https://pub.dartlang.org"
    source: hosted
    version: "3.1.2"
  collection:
    dependency: transitive
    description:
      name: collection
      sha256: "f092b211a4319e98e5ff58223576de6c2803db36221657b46c82574721240687"
      url: "https://pub.dartlang.org"
    source: hosted
    version: "1.18.0"
  path:
    dependency: transitive
    description:
      name: path
      sha256: "087ce49c3f0dc39180befefc60fdb4acd8f8620e5682fe2476afd0b3688bb4af"
      url: "https://pub.dartlang.org"
    source: hosted
    version: "1.9.0"
  sdk_dep:
    dependency: transitive
    description: sdk
    source: sdk
    version: "0.0.0"
sdks:
  dart: ">=3.0.0 <4.0.0"
